
Microsoft Visual Studio Solution File, Format Version 12.00
# Visual Studio Version 17
VisualStudioVersion = 17.10.35122.118
MinimumVisualStudioVersion = 10.0.40219.1
Project("{F184B08F-C81C-45F6-A57F-5ABD9991F28F}") = "Wpf_dex", "Wpf_dex\Wpf_dex.vbproj", "{9C21F07A-1F78-4003-8480-070C4903356A}"
EndProject
Global
	GlobalSection(SolutionConfigurationPlatforms) = preSolution
		Debug|Any CPU = Debug|Any CPU
		Release|Any CPU = Release|Any CPU
	EndGlobalSection
	GlobalSection(ProjectConfigurationPlatforms) = postSolution
		{9C21F07A-1F78-4003-8480-070C4903356A}.Debug|Any CPU.ActiveCfg = Debug|Any CPU
		{9C21F07A-1F78-4003-8480-070C4903356A}.Debug|Any CPU.Build.0 = Debug|Any CPU
		{9C21F07A-1F78-4003-8480-070C4903356A}.Release|Any CPU.ActiveCfg = Release|Any CPU
		{9C21F07A-1F78-4003-8480-070C4903356A}.Release|Any CPU.Build.0 = Release|Any CPU
	EndGlobalSection
	GlobalSection(SolutionProperties) = preSolution
		HideSolutionNode = FALSE
	EndGlobalSection
	GlobalSection(ExtensibilityGlobals) = postSolution
		SolutionGuid = {6F69CFF8-F973-482F-9AA2-EE293E68F4DF}
	EndGlobalSection
EndGlobal
